// !$*UTF8*$!
{
	archiveVersion = 1;
	classes = {
	};
	objectVersion = 50;
	objects = {

/* Begin PBXBuildFile section */
		AA47175A21E4B36000688B87 /* MockSampleSDK.m in Sources */ = {isa = PBXBuildFile; fileRef = AA47175921E4B36000688B87 /* MockSampleSDK.m */; };
		AA47175B21E4B36000688B87 /* MockSampleSDK.h in CopyFiles */ = {isa = PBXBuildFile; fileRef = AA47175821E4B36000688B87 /* MockSampleSDK.h */; };
		AA47179D21E4B5E200688B87 /* MockEvent.m in Sources */ = {isa = PBXBuildFile; fileRef = AA47179C21E4B5E200688B87 /* MockEvent.m */; };
/* End PBXBuildFile section */

/* Begin PBXCopyFilesBuildPhase section */
		AA47175321E4B36000688B87 /* CopyFiles */ = {
			isa = PBXCopyFilesBuildPhase;
			buildActionMask = 2147483647;
			dstPath = "include/$(PRODUCT_NAME)";
			dstSubfolderSpec = 16;
			files = (
				AA47175B21E4B36000688B87 /* MockSampleSDK.h in CopyFiles */,
			);
			runOnlyForDeploymentPostprocessing = 0;
		};
/* End PBXCopyFilesBuildPhase section */

/* Begin PBXFileReference section */
		AA47175521E4B36000688B87 /* libMockSampleSDK.a */ = {isa = PBXFileReference; explicitFileType = archive.ar; includeInIndex = 0; path = libMockSampleSDK.a; sourceTree = BUILT_PRODUCTS_DIR; };
		AA47175821E4B36000688B87 /* MockSampleSDK.h */ = {isa = PBXFileReference; lastKnownFileType = sourcecode.c.h; path = MockSampleSDK.h; sourceTree = "<group>"; };
		AA47175921E4B36000688B87 /* MockSampleSDK.m */ = {isa = PBXFileReference; lastKnownFileType = sourcecode.c.objc; path = MockSampleSDK.m; sourceTree = "<group>"; };
		AA47179B21E4B5E200688B87 /* MockEvent.h */ = {isa = PBXFileReference; lastKnownFileType = sourcecode.c.h; path = MockEvent.h; sourceTree = "<group>"; };
		AA47179C21E4B5E200688B87 /* MockEvent.m */ = {isa = PBXFileReference; lastKnownFileType = sourcecode.c.objc; path = MockEvent.m; sourceTree = "<group>"; };
/* End PBXFileReference section */

/* Begin PBXFrameworksBuildPhase section */
		AA47175221E4B36000688B87 /* Frameworks */ = {
			isa = PBXFrameworksBuildPhase;
			buildActionMask = 2147483647;
			files = (
			);
			runOnlyForDeploymentPostprocessing = 0;
		};
/* End PBXFrameworksBuildPhase section */

/* Begin PBXGroup section */
		AA47174C21E4B36000688B87 = {
			isa = PBXGroup;
			children = (
				AA47175721E4B36000688B87 /* MockSampleSDK */,
				AA47175621E4B36000688B87 /* Products */,
			);
			sourceTree = "<group>";
		};
		AA47175621E4B36000688B87 /* Products */ = {
			isa = PBXGroup;
			children = (
				AA47175521E4B36000688B87 /* libMockSampleSDK.a */,
			);
			name = Products;
			sourceTree = "<group>";
		};
		AA47175721E4B36000688B87 /* MockSampleSDK */ = {
			isa = PBXGroup;
			children = (
				AA47179A21E4B4BD00688B87 /* API */,
				AA47179921E4B4AE00688B87 /* Event */,
			);
			path = MockSampleSDK;
			sourceTree = "<group>";
		};
		AA47179921E4B4AE00688B87 /* Event */ = {
			isa = PBXGroup;
			children = (
				AA47179B21E4B5E200688B87 /* MockEvent.h */,
				AA47179C21E4B5E200688B87 /* MockEvent.m */,
			);
			path = Event;
			sourceTree = "<group>";
		};
		AA47179A21E4B4BD00688B87 /* API */ = {
			isa = PBXGroup;
			children = (
				AA47175821E4B36000688B87 /* MockSampleSDK.h */,
				AA47175921E4B36000688B87 /* MockSampleSDK.m */,
			);
			path = API;
			sourceTree = "<group>";
		};
/* End PBXGroup section */

/* Begin PBXNativeTarget section */
		AA47175421E4B36000688B87 /* MockSampleSDK */ = {
			isa = PBXNativeTarget;
			buildConfigurationList = AA47175E21E4B36000688B87 /* Build configuration list for PBXNativeTarget "MockSampleSDK" */;
			buildPhases = (
				AA47175121E4B36000688B87 /* Sources */,
				AA47175221E4B36000688B87 /* Frameworks */,
				AA47175321E4B36000688B87 /* CopyFiles */,
			);
			buildRules = (
			);
			dependencies = (
			);
			name = MockSampleSDK;
			productName = MockSampleSDK;
			productReference = AA47175521E4B36000688B87 /* libMockSampleSDK.a */;
			productType = "com.apple.product-type.library.static";
		};
/* End PBXNativeTarget section */

/* Begin PBXProject section */
		AA47174D21E4B36000688B87 /* Project object */ = {
			isa = PBXProject;
			attributes = {
				LastUpgradeCheck = 1010;
				ORGANIZATIONNAME = "Sudeep Kumar";
				TargetAttributes = {
					AA47175421E4B36000688B87 = {
						CreatedOnToolsVersion = 10.1;
					};
				};
			};
			buildConfigurationList = AA47175021E4B36000688B87 /* Build configuration list for PBXProject "MockSampleSDK" */;
			compatibilityVersion = "Xcode 9.3";
			developmentRegion = en;
			hasScannedForEncodings = 0;
			knownRegions = (
				en,
			);
			mainGroup = AA47174C21E4B36000688B87;
			productRefGroup = AA47175621E4B36000688B87 /* Products */;
			projectDirPath = "";
			projectRoot = "";
			targets = (
				AA47175421E4B36000688B87 /* MockSampleSDK */,
			);
		};
/* End PBXProject section */

/* Begin PBXSourcesBuildPhase section */
		AA47175121E4B36000688B87 /* Sources */ = {
			isa = PBXSourcesBuildPhase;
			buildActionMask = 2147483647;
			files = (
				AA47179D21E4B5E200688B87 /* MockEvent.m in Sources */,
				AA47175A21E4B36000688B87 /* MockSampleSDK.m in Sources */,
			);
			runOnlyForDeploymentPostprocessing = 0;
		};
/* End PBXSourcesBuildPhase section */

/* Begin XCBuildConfiguration section */
		AA47175C21E4B36000688B87 /* Debug */ = {
			isa = XCBuildConfiguration;
			buildSettings = {
				ALWAYS_SEARCH_USER_PATHS = NO;
				CLANG_ANALYZER_NONNULL = YES;
				CLANG_ANALYZER_NUMBER_OBJECT_CONVERSION = YES_AGGRESSIVE;
				CLANG_CXX_LANGUAGE_STANDARD = "gnu++14";
				CLANG_CXX_LIBRARY = "libc++";
				CLANG_ENABLE_MODULES = YES;
				CLANG_ENABLE_OBJC_ARC = YES;
				CLANG_ENABLE_OBJC_WEAK = YES;
				CLANG_WARN_BLOCK_CAPTURE_AUTORELEASING = YES;
				CLANG_WARN_BOOL_CONVERSION = YES;
				CLANG_WARN_COMMA = YES;
				CLANG_WARN_CONSTANT_CONVERSION = YES;
				CLANG_WARN_DEPRECATED_OBJC_IMPLEMENTATIONS = YES;
				CLANG_WARN_DIRECT_OBJC_ISA_USAGE = YES_ERROR;
				CLANG_WARN_DOCUMENTATION_COMMENTS = YES;
				CLANG_WARN_EMPTY_BODY = YES;
				CLANG_WARN_ENUM_CONVERSION = YES;
				CLANG_WARN_INFINITE_RECURSION = YES;
				CLANG_WARN_INT_CONVERSION = YES;
				CLANG_WARN_NON_LITERAL_NULL_CONVERSION = YES;
				CLANG_WARN_OBJC_IMPLICIT_RETAIN_SELF = YES;
				CLANG_WARN_OBJC_LITERAL_CONVERSION = YES;
				CLANG_WARN_OBJC_ROOT_CLASS = YES_ERROR;
				CLANG_WARN_RANGE_LOOP_ANALYSIS = YES;
				CLANG_WARN_STRICT_PROTOTYPES = YES;
				CLANG_WARN_SUSPICIOUS_MOVE = YES;
				CLANG_WARN_UNGUARDED_AVAILABILITY = YES_AGGRESSIVE;
				CLANG_WARN_UNREACHABLE_CODE = YES;
				CLANG_WARN__DUPLICATE_METHOD_MATCH = YES;
				CODE_SIGN_IDENTITY = "iPhone Developer";
				COPY_PHASE_STRIP = NO;
				DEBUG_INFORMATION_FORMAT = dwarf;
				ENABLE_STRICT_OBJC_MSGSEND = YES;
				ENABLE_TESTABILITY = YES;
				GCC_C_LANGUAGE_STANDARD = gnu11;
				GCC_DYNAMIC_NO_PIC = NO;
				GCC_NO_COMMON_BLOCKS = YES;
				GCC_OPTIMIZATION_LEVEL = 0;
				GCC_PREPROCESSOR_DEFINITIONS = (
					"DEBUG=1",
					"$(inherited)",
				);
				GCC_WARN_64_TO_32_BIT_CONVERSION = YES;
				GCC_WARN_ABOUT_RETURN_TYPE = YES_ERROR;
				GCC_WARN_UNDECLARED_SELECTOR = YES;
				GCC_WARN_UNINITIALIZED_AUTOS = YES_AGGRESSIVE;
				GCC_WARN_UNUSED_FUNCTION = YES;
				GCC_WARN_UNUSED_VARIABLE = YES;
				IPHONEOS_DEPLOYMENT_TARGET = 12.1;
				MTL_ENABLE_DEBUG_INFO = INCLUDE_SOURCE;
				MTL_FAST_MATH = YES;
				ONLY_ACTIVE_ARCH = YES;
				SDKROOT = iphoneos;
			};
			name = Debug;
		};
		AA47175D21E4B36000688B87 /* Release */ = {
			isa = XCBuildConfiguration;
			buildSettings = {
				ALWAYS_SEARCH_USER_PATHS = NO;
				CLANG_ANALYZER_NONNULL = YES;
				CLANG_ANALYZER_NUMBER_OBJECT_CONVERSION = YES_AGGRESSIVE;
				CLANG_CXX_LANGUAGE_STANDARD = "gnu++14";
				CLANG_CXX_LIBRARY = "libc++";
				CLANG_ENABLE_MODULES = YES;
				CLANG_ENABLE_OBJC_ARC = YES;
				CLANG_ENABLE_OBJC_WEAK = YES;
				CLANG_WARN_BLOCK_CAPTURE_AUTORELEASING = YES;
				CLANG_WARN_BOOL_CONVERSION = YES;
				CLANG_WARN_COMMA = YES;
				CLANG_WARN_CONSTANT_CONVERSION = YES;
				CLANG_WARN_DEPRECATED_OBJC_IMPLEMENTATIONS = YES;
				CLANG_WARN_DIRECT_OBJC_ISA_USAGE = YES_ERROR;
				CLANG_WARN_DOCUMENTATION_COMMENTS = YES;
				CLANG_WARN_EMPTY_BODY = YES;
				CLANG_WARN_ENUM_CONVERSION = YES;
				CLANG_WARN_INFINITE_RECURSION = YES;
				CLANG_WARN_INT_CONVERSION = YES;
				CLANG_WARN_NON_LITERAL_NULL_CONVERSION = YES;
				CLANG_WARN_OBJC_IMPLICIT_RETAIN_SELF = YES;
				CLANG_WARN_OBJC_LITERAL_CONVERSION = YES;
				CLANG_WARN_OBJC_ROOT_CLASS = YES_ERROR;
				CLANG_WARN_RANGE_LOOP_ANALYSIS = YES;
				CLANG_WARN_STRICT_PROTOTYPES = YES;
				CLANG_WARN_SUSPICIOUS_MOVE = YES;
				CLANG_WARN_UNGUARDED_AVAILABILITY = YES_AGGRESSIVE;
				CLANG_WARN_UNREACHABLE_CODE = YES;
				CLANG_WARN__DUPLICATE_METHOD_MATCH = YES;
				CODE_SIGN_IDENTITY = "iPhone Developer";
				COPY_PHASE_STRIP = NO;
				DEBUG_INFORMATION_FORMAT = "dwarf-with-dsym";
				ENABLE_NS_ASSERTIONS = NO;
				ENABLE_STRICT_OBJC_MSGSEND = YES;
				GCC_C_LANGUAGE_STANDARD = gnu11;
				GCC_NO_COMMON_BLOCKS = YES;
				GCC_WARN_64_TO_32_BIT_CONVERSION = YES;
				GCC_WARN_ABOUT_RETURN_TYPE = YES_ERROR;
				GCC_WARN_UNDECLARED_SELECTOR = YES;
				GCC_WARN_UNINITIALIZED_AUTOS = YES_AGGRESSIVE;
				GCC_WARN_UNUSED_FUNCTION = YES;
				GCC_WARN_UNUSED_VARIABLE = YES;
				IPHONEOS_DEPLOYMENT_TARGET = 12.1;
				MTL_ENABLE_DEBUG_INFO = NO;
				MTL_FAST_MATH = YES;
				SDKROOT = iphoneos;
				VALIDATE_PRODUCT = YES;
			};
			name = Release;
		};
		AA47175F21E4B36000688B87 /* Debug */ = {
			isa = XCBuildConfiguration;
			buildSettings = {
				CODE_SIGN_STYLE = Automatic;
				DEVELOPMENT_TEAM = MGC42GYEBQ;
				HEADER_SEARCH_PATHS = "${TARGET_BUILD_DIR}";
				OTHER_LDFLAGS = "-ObjC";
				PRODUCT_NAME = "$(TARGET_NAME)";
				SKIP_INSTALL = YES;
				TARGETED_DEVICE_FAMILY = "1,2";
			};
			name = Debug;
		};
		AA47176021E4B36000688B87 /* Release */ = {
			isa = XCBuildConfiguration;
			buildSettings = {
				CODE_SIGN_STYLE = Automatic;
				DEVELOPMENT_TEAM = MGC42GYEBQ;
				HEADER_SEARCH_PATHS = "${TARGET_BUILD_DIR}";
				OTHER_LDFLAGS = "-ObjC";
				PRODUCT_NAME = "$(TARGET_NAME)";
				SKIP_INSTALL = YES;
				TARGETED_DEVICE_FAMILY = "1,2";
			};
			name = Release;
		};
/* End XCBuildConfiguration section */

/* Begin XCConfigurationList section */
		AA47175021E4B36000688B87 /* Build configuration list for PBXProject "MockSampleSDK" */ = {
			isa = XCConfigurationList;
			buildConfigurations = (
				AA47175C21E4B36000688B87 /* Debug */,
				AA47175D21E4B36000688B87 /* Release */,
			);
			defaultConfigurationIsVisible = 0;
			defaultConfigurationName = Release;
		};
		AA47175E21E4B36000688B87 /* Build configuration list for PBXNativeTarget "MockSampleSDK" */ = {
			isa = XCConfigurationList;
			buildConfigurations = (
				AA47175F21E4B36000688B87 /* Debug */,
				AA47176021E4B36000688B87 /* Release */,
			);
			defaultConfigurationIsVisible = 0;
			defaultConfigurationName = Release;
		};
/* End XCConfigurationList section */
	};
	rootObject = AA47174D21E4B36000688B87 /* Project object */;
}
