// !$*UTF8*$!
{
	archiveVersion = 1;
	classes = {
	};
	objectVersion = 50;
	objects = {

/* Begin PBXContainerItemProxy section */
		AA47178721E4B3F200688B87 /* PBXContainerItemProxy */ = {
			isa = PBXContainerItemProxy;
			containerPortal = AA47178321E4B3F200688B87 /* MockSampleSDK.xcodeproj */;
			proxyType = 2;
			remoteGlobalIDString = AA47175521E4B36000688B87;
			remoteInfo = MockSampleSDK;
		};
		AA47179321E4B40100688B87 /* PBXContainerItemProxy */ = {
			isa = PBXContainerItemProxy;
			containerPortal = AA47178F21E4B40100688B87 /* SampleSDK.xcodeproj */;
			proxyType = 2;
			remoteGlobalIDString = AA47173721E4B1D800688B87;
			remoteInfo = SampleSDK;
		};
		AA47179521E4B44100688B87 /* PBXContainerItemProxy */ = {
			isa = PBXContainerItemProxy;
			containerPortal = AA47178F21E4B40100688B87 /* SampleSDK.xcodeproj */;
			proxyType = 1;
			remoteGlobalIDString = AA47173621E4B1D800688B87;
			remoteInfo = SampleSDK;
		};
		AA47179721E4B44300688B87 /* PBXContainerItemProxy */ = {
			isa = PBXContainerItemProxy;
			containerPortal = AA47178321E4B3F200688B87 /* MockSampleSDK.xcodeproj */;
			proxyType = 1;
			remoteGlobalIDString = AA47175421E4B36000688B87;
			remoteInfo = MockSampleSDK;
		};
/* End PBXContainerItemProxy section */

/* Begin PBXCopyFilesBuildPhase section */
		AA47177821E4B3CA00688B87 /* CopyFiles */ = {
			isa = PBXCopyFilesBuildPhase;
			buildActionMask = 2147483647;
			dstPath = "include/$(PRODUCT_NAME)";
			dstSubfolderSpec = 16;
			files = (
			);
			runOnlyForDeploymentPostprocessing = 0;
		};
/* End PBXCopyFilesBuildPhase section */

/* Begin PBXFileReference section */
		AA47177A21E4B3CA00688B87 /* libCMockSampleSDK.a */ = {isa = PBXFileReference; explicitFileType = archive.ar; includeInIndex = 0; path = libCMockSampleSDK.a; sourceTree = BUILT_PRODUCTS_DIR; };
		AA47178321E4B3F200688B87 /* MockSampleSDK.xcodeproj */ = {isa = PBXFileReference; lastKnownFileType = "wrapper.pb-project"; name = MockSampleSDK.xcodeproj; path = ../MockSampleSDK/MockSampleSDK.xcodeproj; sourceTree = "<group>"; };
		AA47178F21E4B40100688B87 /* SampleSDK.xcodeproj */ = {isa = PBXFileReference; lastKnownFileType = "wrapper.pb-project"; name = SampleSDK.xcodeproj; path = ../SampleSDK/SampleSDK.xcodeproj; sourceTree = "<group>"; };
/* End PBXFileReference section */

/* Begin PBXFrameworksBuildPhase section */
		AA47177721E4B3CA00688B87 /* Frameworks */ = {
			isa = PBXFrameworksBuildPhase;
			buildActionMask = 2147483647;
			files = (
			);
			runOnlyForDeploymentPostprocessing = 0;
		};
/* End PBXFrameworksBuildPhase section */

/* Begin PBXGroup section */
		AA47176121E4B3A400688B87 = {
			isa = PBXGroup;
			children = (
				AA47178F21E4B40100688B87 /* SampleSDK.xcodeproj */,
				AA47178321E4B3F200688B87 /* MockSampleSDK.xcodeproj */,
				AA47176B21E4B3A400688B87 /* Products */,
			);
			sourceTree = "<group>";
		};
		AA47176B21E4B3A400688B87 /* Products */ = {
			isa = PBXGroup;
			children = (
				AA47177A21E4B3CA00688B87 /* libCMockSampleSDK.a */,
			);
			name = Products;
			sourceTree = "<group>";
		};
		AA47178421E4B3F200688B87 /* Products */ = {
			isa = PBXGroup;
			children = (
				AA47178821E4B3F200688B87 /* libMockSampleSDK.a */,
			);
			name = Products;
			sourceTree = "<group>";
		};
		AA47179021E4B40100688B87 /* Products */ = {
			isa = PBXGroup;
			children = (
				AA47179421E4B40100688B87 /* libSampleSDK.a */,
			);
			name = Products;
			sourceTree = "<group>";
		};
/* End PBXGroup section */

/* Begin PBXNativeTarget section */
		AA47177921E4B3CA00688B87 /* CMockSampleSDK */ = {
			isa = PBXNativeTarget;
			buildConfigurationList = AA47178021E4B3CA00688B87 /* Build configuration list for PBXNativeTarget "CMockSampleSDK" */;
			buildPhases = (
				AA47177621E4B3CA00688B87 /* Sources */,
				AA47177721E4B3CA00688B87 /* Frameworks */,
				AA47177821E4B3CA00688B87 /* CopyFiles */,
			);
			buildRules = (
			);
			dependencies = (
				AA47179621E4B44100688B87 /* PBXTargetDependency */,
				AA47179821E4B44300688B87 /* PBXTargetDependency */,
			);
			name = CMockSampleSDK;
			productName = CMockSampleSDK;
			productReference = AA47177A21E4B3CA00688B87 /* libCMockSampleSDK.a */;
			productType = "com.apple.product-type.library.static";
		};
/* End PBXNativeTarget section */

/* Begin PBXProject section */
		AA47176221E4B3A400688B87 /* Project object */ = {
			isa = PBXProject;
			attributes = {
				LastUpgradeCheck = 1010;
				ORGANIZATIONNAME = "Sudeep Kumar";
				TargetAttributes = {
					AA47177921E4B3CA00688B87 = {
						CreatedOnToolsVersion = 10.1;
					};
				};
			};
			buildConfigurationList = AA47176521E4B3A400688B87 /* Build configuration list for PBXProject "CombinedSDK" */;
			compatibilityVersion = "Xcode 9.3";
			developmentRegion = en;
			hasScannedForEncodings = 0;
			knownRegions = (
				en,
			);
			mainGroup = AA47176121E4B3A400688B87;
			productRefGroup = AA47176B21E4B3A400688B87 /* Products */;
			projectDirPath = "";
			projectReferences = (
				{
					ProductGroup = AA47178421E4B3F200688B87 /* Products */;
					ProjectRef = AA47178321E4B3F200688B87 /* MockSampleSDK.xcodeproj */;
				},
				{
					ProductGroup = AA47179021E4B40100688B87 /* Products */;
					ProjectRef = AA47178F21E4B40100688B87 /* SampleSDK.xcodeproj */;
				},
			);
			projectRoot = "";
			targets = (
				AA47177921E4B3CA00688B87 /* CMockSampleSDK */,
			);
		};
/* End PBXProject section */

/* Begin PBXReferenceProxy section */
		AA47178821E4B3F200688B87 /* libMockSampleSDK.a */ = {
			isa = PBXReferenceProxy;
			fileType = archive.ar;
			path = libMockSampleSDK.a;
			remoteRef = AA47178721E4B3F200688B87 /* PBXContainerItemProxy */;
			sourceTree = BUILT_PRODUCTS_DIR;
		};
		AA47179421E4B40100688B87 /* libSampleSDK.a */ = {
			isa = PBXReferenceProxy;
			fileType = archive.ar;
			path = libSampleSDK.a;
			remoteRef = AA47179321E4B40100688B87 /* PBXContainerItemProxy */;
			sourceTree = BUILT_PRODUCTS_DIR;
		};
/* End PBXReferenceProxy section */

/* Begin PBXSourcesBuildPhase section */
		AA47177621E4B3CA00688B87 /* Sources */ = {
			isa = PBXSourcesBuildPhase;
			buildActionMask = 2147483647;
			files = (
			);
			runOnlyForDeploymentPostprocessing = 0;
		};
/* End PBXSourcesBuildPhase section */

/* Begin PBXTargetDependency section */
		AA47179621E4B44100688B87 /* PBXTargetDependency */ = {
			isa = PBXTargetDependency;
			name = SampleSDK;
			targetProxy = AA47179521E4B44100688B87 /* PBXContainerItemProxy */;
		};
		AA47179821E4B44300688B87 /* PBXTargetDependency */ = {
			isa = PBXTargetDependency;
			name = MockSampleSDK;
			targetProxy = AA47179721E4B44300688B87 /* PBXContainerItemProxy */;
		};
/* End PBXTargetDependency section */

/* Begin XCBuildConfiguration section */
		AA47177121E4B3A400688B87 /* Debug */ = {
			isa = XCBuildConfiguration;
			buildSettings = {
				ALWAYS_SEARCH_USER_PATHS = NO;
				CLANG_ANALYZER_NONNULL = YES;
				CLANG_ANALYZER_NUMBER_OBJECT_CONVERSION = YES_AGGRESSIVE;
				CLANG_CXX_LANGUAGE_STANDARD = "gnu++14";
				CLANG_CXX_LIBRARY = "libc++";
				CLANG_ENABLE_MODULES = YES;
				CLANG_ENABLE_OBJC_ARC = YES;
				CLANG_ENABLE_OBJC_WEAK = YES;
				CLANG_WARN_BLOCK_CAPTURE_AUTORELEASING = YES;
				CLANG_WARN_BOOL_CONVERSION = YES;
				CLANG_WARN_COMMA = YES;
				CLANG_WARN_CONSTANT_CONVERSION = YES;
				CLANG_WARN_DEPRECATED_OBJC_IMPLEMENTATIONS = YES;
				CLANG_WARN_DIRECT_OBJC_ISA_USAGE = YES_ERROR;
				CLANG_WARN_DOCUMENTATION_COMMENTS = YES;
				CLANG_WARN_EMPTY_BODY = YES;
				CLANG_WARN_ENUM_CONVERSION = YES;
				CLANG_WARN_INFINITE_RECURSION = YES;
				CLANG_WARN_INT_CONVERSION = YES;
				CLANG_WARN_NON_LITERAL_NULL_CONVERSION = YES;
				CLANG_WARN_OBJC_IMPLICIT_RETAIN_SELF = YES;
				CLANG_WARN_OBJC_LITERAL_CONVERSION = YES;
				CLANG_WARN_OBJC_ROOT_CLASS = YES_ERROR;
				CLANG_WARN_RANGE_LOOP_ANALYSIS = YES;
				CLANG_WARN_STRICT_PROTOTYPES = YES;
				CLANG_WARN_SUSPICIOUS_MOVE = YES;
				CLANG_WARN_UNGUARDED_AVAILABILITY = YES_AGGRESSIVE;
				CLANG_WARN_UNREACHABLE_CODE = YES;
				CLANG_WARN__DUPLICATE_METHOD_MATCH = YES;
				CODE_SIGN_IDENTITY = "iPhone Developer";
				COPY_PHASE_STRIP = NO;
				DEBUG_INFORMATION_FORMAT = dwarf;
				ENABLE_STRICT_OBJC_MSGSEND = YES;
				ENABLE_TESTABILITY = YES;
				GCC_C_LANGUAGE_STANDARD = gnu11;
				GCC_DYNAMIC_NO_PIC = NO;
				GCC_NO_COMMON_BLOCKS = YES;
				GCC_OPTIMIZATION_LEVEL = 0;
				GCC_PREPROCESSOR_DEFINITIONS = (
					"DEBUG=1",
					"$(inherited)",
				);
				GCC_WARN_64_TO_32_BIT_CONVERSION = YES;
				GCC_WARN_ABOUT_RETURN_TYPE = YES_ERROR;
				GCC_WARN_UNDECLARED_SELECTOR = YES;
				GCC_WARN_UNINITIALIZED_AUTOS = YES_AGGRESSIVE;
				GCC_WARN_UNUSED_FUNCTION = YES;
				GCC_WARN_UNUSED_VARIABLE = YES;
				IPHONEOS_DEPLOYMENT_TARGET = 12.1;
				MTL_ENABLE_DEBUG_INFO = INCLUDE_SOURCE;
				MTL_FAST_MATH = YES;
				ONLY_ACTIVE_ARCH = YES;
				SDKROOT = iphoneos;
			};
			name = Debug;
		};
		AA47177221E4B3A400688B87 /* Release */ = {
			isa = XCBuildConfiguration;
			buildSettings = {
				ALWAYS_SEARCH_USER_PATHS = NO;
				CLANG_ANALYZER_NONNULL = YES;
				CLANG_ANALYZER_NUMBER_OBJECT_CONVERSION = YES_AGGRESSIVE;
				CLANG_CXX_LANGUAGE_STANDARD = "gnu++14";
				CLANG_CXX_LIBRARY = "libc++";
				CLANG_ENABLE_MODULES = YES;
				CLANG_ENABLE_OBJC_ARC = YES;
				CLANG_ENABLE_OBJC_WEAK = YES;
				CLANG_WARN_BLOCK_CAPTURE_AUTORELEASING = YES;
				CLANG_WARN_BOOL_CONVERSION = YES;
				CLANG_WARN_COMMA = YES;
				CLANG_WARN_CONSTANT_CONVERSION = YES;
				CLANG_WARN_DEPRECATED_OBJC_IMPLEMENTATIONS = YES;
				CLANG_WARN_DIRECT_OBJC_ISA_USAGE = YES_ERROR;
				CLANG_WARN_DOCUMENTATION_COMMENTS = YES;
				CLANG_WARN_EMPTY_BODY = YES;
				CLANG_WARN_ENUM_CONVERSION = YES;
				CLANG_WARN_INFINITE_RECURSION = YES;
				CLANG_WARN_INT_CONVERSION = YES;
				CLANG_WARN_NON_LITERAL_NULL_CONVERSION = YES;
				CLANG_WARN_OBJC_IMPLICIT_RETAIN_SELF = YES;
				CLANG_WARN_OBJC_LITERAL_CONVERSION = YES;
				CLANG_WARN_OBJC_ROOT_CLASS = YES_ERROR;
				CLANG_WARN_RANGE_LOOP_ANALYSIS = YES;
				CLANG_WARN_STRICT_PROTOTYPES = YES;
				CLANG_WARN_SUSPICIOUS_MOVE = YES;
				CLANG_WARN_UNGUARDED_AVAILABILITY = YES_AGGRESSIVE;
				CLANG_WARN_UNREACHABLE_CODE = YES;
				CLANG_WARN__DUPLICATE_METHOD_MATCH = YES;
				CODE_SIGN_IDENTITY = "iPhone Developer";
				COPY_PHASE_STRIP = NO;
				DEBUG_INFORMATION_FORMAT = "dwarf-with-dsym";
				ENABLE_NS_ASSERTIONS = NO;
				ENABLE_STRICT_OBJC_MSGSEND = YES;
				GCC_C_LANGUAGE_STANDARD = gnu11;
				GCC_NO_COMMON_BLOCKS = YES;
				GCC_WARN_64_TO_32_BIT_CONVERSION = YES;
				GCC_WARN_ABOUT_RETURN_TYPE = YES_ERROR;
				GCC_WARN_UNDECLARED_SELECTOR = YES;
				GCC_WARN_UNINITIALIZED_AUTOS = YES_AGGRESSIVE;
				GCC_WARN_UNUSED_FUNCTION = YES;
				GCC_WARN_UNUSED_VARIABLE = YES;
				IPHONEOS_DEPLOYMENT_TARGET = 12.1;
				MTL_ENABLE_DEBUG_INFO = NO;
				MTL_FAST_MATH = YES;
				SDKROOT = iphoneos;
				VALIDATE_PRODUCT = YES;
			};
			name = Release;
		};
		AA47178121E4B3CA00688B87 /* Debug */ = {
			isa = XCBuildConfiguration;
			buildSettings = {
				CODE_SIGN_STYLE = Automatic;
				DEVELOPMENT_TEAM = MGC42GYEBQ;
				OTHER_LDFLAGS = "-ObjC";
				PRODUCT_NAME = "$(TARGET_NAME)";
				SKIP_INSTALL = YES;
				TARGETED_DEVICE_FAMILY = "1,2";
			};
			name = Debug;
		};
		AA47178221E4B3CA00688B87 /* Release */ = {
			isa = XCBuildConfiguration;
			buildSettings = {
				CODE_SIGN_STYLE = Automatic;
				DEVELOPMENT_TEAM = MGC42GYEBQ;
				OTHER_LDFLAGS = "-ObjC";
				PRODUCT_NAME = "$(TARGET_NAME)";
				SKIP_INSTALL = YES;
				TARGETED_DEVICE_FAMILY = "1,2";
			};
			name = Release;
		};
/* End XCBuildConfiguration section */

/* Begin XCConfigurationList section */
		AA47176521E4B3A400688B87 /* Build configuration list for PBXProject "CombinedSDK" */ = {
			isa = XCConfigurationList;
			buildConfigurations = (
				AA47177121E4B3A400688B87 /* Debug */,
				AA47177221E4B3A400688B87 /* Release */,
			);
			defaultConfigurationIsVisible = 0;
			defaultConfigurationName = Release;
		};
		AA47178021E4B3CA00688B87 /* Build configuration list for PBXNativeTarget "CMockSampleSDK" */ = {
			isa = XCConfigurationList;
			buildConfigurations = (
				AA47178121E4B3CA00688B87 /* Debug */,
				AA47178221E4B3CA00688B87 /* Release */,
			);
			defaultConfigurationIsVisible = 0;
			defaultConfigurationName = Release;
		};
/* End XCConfigurationList section */
	};
	rootObject = AA47176221E4B3A400688B87 /* Project object */;
}
